
Microsoft Visual Studio Solution File, Format Version 12.00
# Visual Studio 2012
Project("{FAE04EC0-301F-11D3-BF4B-00C04F79EFBC}") = "CQRS.Core", "CQRS.Core\CQRS.Core.csproj", "{18B6D5F9-0087-451D-9789-EE74AF42725A}"
EndProject
Project("{FAE04EC0-301F-11D3-BF4B-00C04F79EFBC}") = "CQRS.Utils", "CQRS.Utils\CQRS.Utils.csproj", "{D74B6973-F2A9-45EF-BBA3-5436E520CDA7}"
EndProject
Project("{FAE04EC0-301F-11D3-BF4B-00C04F79EFBC}") = "CQRS.Bus", "CQRS.Bus\CQRS.Bus.csproj", "{7E4E25D7-3DD8-4F77-BA3D-5BA3A3FAF571}"
EndProject
Project("{FAE04EC0-301F-11D3-BF4B-00C04F79EFBC}") = "CQRS.EventStore", "CQRS.EventStore\CQRS.EventStore.csproj", "{C4D5D1A8-C543-4441-8B51-05A956177DAE}"
EndProject
Project("{FAE04EC0-301F-11D3-BF4B-00C04F79EFBC}") = "CQRS.Reporting", "CQRS.Reporting\CQRS.Reporting.csproj", "{47CD12F9-EF22-461C-89C9-C31BA5997580}"
EndProject
Project("{FAE04EC0-301F-11D3-BF4B-00C04F79EFBC}") = "CQRS.NServiceBus", "CQRS.NServiceBus\CQRS.NServiceBus.csproj", "{DFED5E95-2112-4E0E-941C-C89148CB037D}"
EndProject
Project("{FAE04EC0-301F-11D3-BF4B-00C04F79EFBC}") = "CQRS.Configuration", "CQRS.Configuration\CQRS.Configuration.csproj", "{789413C8-7183-4F9F-8D67-E1AF4F565949}"
EndProject
Project("{FAE04EC0-301F-11D3-BF4B-00C04F79EFBC}") = "WebPart", "WebPart\WebPart.csproj", "{57E420D8-86BB-4640-BC3D-00C564F6BFE0}"
EndProject
Project("{FAE04EC0-301F-11D3-BF4B-00C04F79EFBC}") = "CQRS.Model", "CQRS.Model\CQRS.Model.csproj", "{7A0A88C6-28A3-4D5A-A377-909F48920868}"
EndProject
Project("{FAE04EC0-301F-11D3-BF4B-00C04F79EFBC}") = "Client.Commands", "Client.Commands\Client.Commands.csproj", "{8E89EACF-01AD-4E6F-A4D8-474DA411F517}"
EndProject
Project("{FAE04EC0-301F-11D3-BF4B-00C04F79EFBC}") = "Client.CommandHandlers", "Client.CommandHandlers\Client.CommandHandlers.csproj", "{36196C4B-DCBC-474E-B988-FD65ACE63EE4}"
EndProject
Project("{FAE04EC0-301F-11D3-BF4B-00C04F79EFBC}") = "Client.Events", "Client.Events\Client.Events.csproj", "{D7F508D5-EFF5-4A34-B623-786BFADA6DA6}"
EndProject
Project("{FAE04EC0-301F-11D3-BF4B-00C04F79EFBC}") = "Client.EventHandlers", "Client.EventHandlers\Client.EventHandlers.csproj", "{8A79D045-0D06-4948-A9FB-28B46C8A064F}"
EndProject
Project("{FAE04EC0-301F-11D3-BF4B-00C04F79EFBC}") = "Client.Domains", "Client.Domains\Client.Domains.csproj", "{28A54150-CCD9-4962-B59A-59A16E7254CB}"
EndProject
Global
	GlobalSection(SolutionConfigurationPlatforms) = preSolution
		Debug|Any CPU = Debug|Any CPU
		Release|Any CPU = Release|Any CPU
	EndGlobalSection
	GlobalSection(ProjectConfigurationPlatforms) = postSolution
		{18B6D5F9-0087-451D-9789-EE74AF42725A}.Debug|Any CPU.ActiveCfg = Debug|Any CPU
		{18B6D5F9-0087-451D-9789-EE74AF42725A}.Debug|Any CPU.Build.0 = Debug|Any CPU
		{18B6D5F9-0087-451D-9789-EE74AF42725A}.Release|Any CPU.ActiveCfg = Release|Any CPU
		{18B6D5F9-0087-451D-9789-EE74AF42725A}.Release|Any CPU.Build.0 = Release|Any CPU
		{D74B6973-F2A9-45EF-BBA3-5436E520CDA7}.Debug|Any CPU.ActiveCfg = Debug|Any CPU
		{D74B6973-F2A9-45EF-BBA3-5436E520CDA7}.Debug|Any CPU.Build.0 = Debug|Any CPU
		{D74B6973-F2A9-45EF-BBA3-5436E520CDA7}.Release|Any CPU.ActiveCfg = Release|Any CPU
		{D74B6973-F2A9-45EF-BBA3-5436E520CDA7}.Release|Any CPU.Build.0 = Release|Any CPU
		{7E4E25D7-3DD8-4F77-BA3D-5BA3A3FAF571}.Debug|Any CPU.ActiveCfg = Debug|Any CPU
		{7E4E25D7-3DD8-4F77-BA3D-5BA3A3FAF571}.Debug|Any CPU.Build.0 = Debug|Any CPU
		{7E4E25D7-3DD8-4F77-BA3D-5BA3A3FAF571}.Release|Any CPU.ActiveCfg = Release|Any CPU
		{7E4E25D7-3DD8-4F77-BA3D-5BA3A3FAF571}.Release|Any CPU.Build.0 = Release|Any CPU
		{C4D5D1A8-C543-4441-8B51-05A956177DAE}.Debug|Any CPU.ActiveCfg = Debug|Any CPU
		{C4D5D1A8-C543-4441-8B51-05A956177DAE}.Debug|Any CPU.Build.0 = Debug|Any CPU
		{C4D5D1A8-C543-4441-8B51-05A956177DAE}.Release|Any CPU.ActiveCfg = Release|Any CPU
		{C4D5D1A8-C543-4441-8B51-05A956177DAE}.Release|Any CPU.Build.0 = Release|Any CPU
		{47CD12F9-EF22-461C-89C9-C31BA5997580}.Debug|Any CPU.ActiveCfg = Debug|Any CPU
		{47CD12F9-EF22-461C-89C9-C31BA5997580}.Debug|Any CPU.Build.0 = Debug|Any CPU
		{47CD12F9-EF22-461C-89C9-C31BA5997580}.Release|Any CPU.ActiveCfg = Release|Any CPU
		{47CD12F9-EF22-461C-89C9-C31BA5997580}.Release|Any CPU.Build.0 = Release|Any CPU
		{DFED5E95-2112-4E0E-941C-C89148CB037D}.Debug|Any CPU.ActiveCfg = Debug|Any CPU
		{DFED5E95-2112-4E0E-941C-C89148CB037D}.Debug|Any CPU.Build.0 = Debug|Any CPU
		{DFED5E95-2112-4E0E-941C-C89148CB037D}.Release|Any CPU.ActiveCfg = Release|Any CPU
		{DFED5E95-2112-4E0E-941C-C89148CB037D}.Release|Any CPU.Build.0 = Release|Any CPU
		{789413C8-7183-4F9F-8D67-E1AF4F565949}.Debug|Any CPU.ActiveCfg = Debug|Any CPU
		{789413C8-7183-4F9F-8D67-E1AF4F565949}.Debug|Any CPU.Build.0 = Debug|Any CPU
		{789413C8-7183-4F9F-8D67-E1AF4F565949}.Release|Any CPU.ActiveCfg = Release|Any CPU
		{789413C8-7183-4F9F-8D67-E1AF4F565949}.Release|Any CPU.Build.0 = Release|Any CPU
		{57E420D8-86BB-4640-BC3D-00C564F6BFE0}.Debug|Any CPU.ActiveCfg = Debug|Any CPU
		{57E420D8-86BB-4640-BC3D-00C564F6BFE0}.Debug|Any CPU.Build.0 = Debug|Any CPU
		{57E420D8-86BB-4640-BC3D-00C564F6BFE0}.Release|Any CPU.ActiveCfg = Release|Any CPU
		{57E420D8-86BB-4640-BC3D-00C564F6BFE0}.Release|Any CPU.Build.0 = Release|Any CPU
		{7A0A88C6-28A3-4D5A-A377-909F48920868}.Debug|Any CPU.ActiveCfg = Debug|Any CPU
		{7A0A88C6-28A3-4D5A-A377-909F48920868}.Debug|Any CPU.Build.0 = Debug|Any CPU
		{7A0A88C6-28A3-4D5A-A377-909F48920868}.Release|Any CPU.ActiveCfg = Release|Any CPU
		{7A0A88C6-28A3-4D5A-A377-909F48920868}.Release|Any CPU.Build.0 = Release|Any CPU
		{8E89EACF-01AD-4E6F-A4D8-474DA411F517}.Debug|Any CPU.ActiveCfg = Debug|Any CPU
		{8E89EACF-01AD-4E6F-A4D8-474DA411F517}.Debug|Any CPU.Build.0 = Debug|Any CPU
		{8E89EACF-01AD-4E6F-A4D8-474DA411F517}.Release|Any CPU.ActiveCfg = Release|Any CPU
		{8E89EACF-01AD-4E6F-A4D8-474DA411F517}.Release|Any CPU.Build.0 = Release|Any CPU
		{36196C4B-DCBC-474E-B988-FD65ACE63EE4}.Debug|Any CPU.ActiveCfg = Debug|Any CPU
		{36196C4B-DCBC-474E-B988-FD65ACE63EE4}.Debug|Any CPU.Build.0 = Debug|Any CPU
		{36196C4B-DCBC-474E-B988-FD65ACE63EE4}.Release|Any CPU.ActiveCfg = Release|Any CPU
		{36196C4B-DCBC-474E-B988-FD65ACE63EE4}.Release|Any CPU.Build.0 = Release|Any CPU
		{D7F508D5-EFF5-4A34-B623-786BFADA6DA6}.Debug|Any CPU.ActiveCfg = Debug|Any CPU
		{D7F508D5-EFF5-4A34-B623-786BFADA6DA6}.Debug|Any CPU.Build.0 = Debug|Any CPU
		{D7F508D5-EFF5-4A34-B623-786BFADA6DA6}.Release|Any CPU.ActiveCfg = Release|Any CPU
		{D7F508D5-EFF5-4A34-B623-786BFADA6DA6}.Release|Any CPU.Build.0 = Release|Any CPU
		{8A79D045-0D06-4948-A9FB-28B46C8A064F}.Debug|Any CPU.ActiveCfg = Debug|Any CPU
		{8A79D045-0D06-4948-A9FB-28B46C8A064F}.Debug|Any CPU.Build.0 = Debug|Any CPU
		{8A79D045-0D06-4948-A9FB-28B46C8A064F}.Release|Any CPU.ActiveCfg = Release|Any CPU
		{8A79D045-0D06-4948-A9FB-28B46C8A064F}.Release|Any CPU.Build.0 = Release|Any CPU
		{28A54150-CCD9-4962-B59A-59A16E7254CB}.Debug|Any CPU.ActiveCfg = Debug|Any CPU
		{28A54150-CCD9-4962-B59A-59A16E7254CB}.Debug|Any CPU.Build.0 = Debug|Any CPU
		{28A54150-CCD9-4962-B59A-59A16E7254CB}.Release|Any CPU.ActiveCfg = Release|Any CPU
		{28A54150-CCD9-4962-B59A-59A16E7254CB}.Release|Any CPU.Build.0 = Release|Any CPU
	EndGlobalSection
	GlobalSection(SolutionProperties) = preSolution
		HideSolutionNode = FALSE
	EndGlobalSection
EndGlobal
